{
  "nodes": {
    "agent-browser-source": {
      "flake": false,
      "locked": {
        "lastModified": 1786403026,
        "narHash": "sha256-UdCBSe7w0ZgJimB7ixGcaabJjH3m6O0vB1SV9n9apfE=",
        "owner": "vercel-labs",
        "repo": "agent-browser",
        "rev": "548b159b30eef119ccf6846c8bc807d0eaa3f6f8",
        "type": "github"
      },
      "original": {
        "owner": "vercel-labs",
        "repo": "agent-browser",
        "rev": "548b159b30eef119ccf6846c8bc807d0eaa3f6f8",
        "type": "github"
      }
    },
    "bun2nix": {
      "inputs": {
        "flake-parts": [
          "llm-agents",
          "flake-parts"
        ],
        "nixpkgs": [
          "llm-agents",
          "nixpkgs"
        ],
        "systems": [
          "llm-agents",
          "systems"
        ],
        "treefmt-nix": [
          "llm-agents",
          "treefmt-nix"
        ]
      },
      "locked": {
        "lastModified": 1784665499,
        "narHash": "sha256-9BMxlTxCCDAeoNLtb1a/st7udtTIJep+wpUzquA29VU=",
        "owner": "nix-community",
        "repo": "bun2nix",
        "rev": "0f2a1f0b6f42cebe3b149bf62d38754c5e0e9729",
        "type": "github"
      },
      "original": {
        "owner": "nix-community",
        "repo": "bun2nix",
        "type": "github"
      }
    },
    "flake-parts": {
      "inputs": {
        "nixpkgs-lib": [
          "llm-agents",
          "nixpkgs"
        ]
      },
      "locked": {
        "lastModified": 1785627969,
        "narHash": "sha256-4dtXQk/NMePegK/nWp5NSeuZKLATItOq61lpEvmXqGw=",
        "owner": "hercules-ci",
        "repo": "flake-parts",
        "rev": "427bf4bd9435fdf21321c8cc628c24efc14c0f7a",
        "type": "github"
      },
      "original": {
        "owner": "hercules-ci",
        "repo": "flake-parts",
        "type": "github"
      }
    },
    "flake-utils": {
      "inputs": {
        "systems": "systems"
      },
      "locked": {
        "lastModified": 1731533236,
        "narHash": "sha256-l0KFg5HjrsfsO/JpG+r7fRrqm12kzFHyUHqHCVpMMbI=",
        "owner": "numtide",
        "repo": "flake-utils",
        "rev": "11707dc2f618dd54ca8739b309ec4fc024de578b",
        "type": "github"
      },
      "original": {
        "owner": "numtide",
        "repo": "flake-utils",
        "type": "github"
      }
    },
    "git-ai": {
      "inputs": {
        "flake-utils": "flake-utils",
        "nixpkgs": [
          "nixpkgs"
        ],
        "rust-overlay": [
          "rust-overlay"
        ]
      },
      "locked": {
        "lastModified": 1786987843,
        "narHash": "sha256-u32UadTq+ERYgvA61H0P4z9PLqWJBv7YhkYBx//6KFg=",
        "owner": "git-ai-project",
        "repo": "git-ai",
        "rev": "22ceb60507f90009181bbcf8305e1229e5500937",
        "type": "github"
      },
      "original": {
        "owner": "git-ai-project",
        "repo": "git-ai",
        "type": "github"
      }
    },
    "llm-agents": {
      "inputs": {
        "bun2nix": "bun2nix",
        "flake-parts": "flake-parts",
        "nixpkgs": "nixpkgs",
        "systems": "systems_2",
        "treefmt-nix": "treefmt-nix"
      },
      "locked": {
        "lastModified": 1787027504,
        "narHash": "sha256-8IqYrCfNgO+T4Sc2gM4AHSuqhSgwcrAq0uOTMq9ixKg=",
        "owner": "numtide",
        "repo": "llm-agents.nix",
        "rev": "50e05f7a7cc039d39d53bc77c132d9457f990375",
        "type": "github"
      },
      "original": {
        "owner": "numtide",
        "repo": "llm-agents.nix",
        "type": "github"
      }
    },
    "mcp-servers-nix": {
      "inputs": {
        "nixpkgs": [
          "nixpkgs"
        ]
      },
      "locked": {
        "lastModified": 1787056340,
        "narHash": "sha256-BNUGBpaOmh3dShJaoXS09XiInpnjYf66Vd/GCt9ks2M=",
        "owner": "natsukium",
        "repo": "mcp-servers-nix",
        "rev": "3a8936db39a3ebfc46c64e968121c5304b1e168f",
        "type": "github"
      },
      "original": {
        "owner": "natsukium",
        "repo": "mcp-servers-nix",
        "type": "github"
      }
    },
    "nixpkgs": {
      "locked": {
        "lastModified": 1786963906,
        "narHash": "sha256-3tkeMWSvHPo3tYljfXbPC/TgknikU1GvdVr/DkdfvE0=",
        "owner": "NixOS",
        "repo": "nixpkgs",
        "rev": "f4b6996c4e8b9ee06ce147ec344c885f51071b14",
        "type": "github"
      },
      "original": {
        "owner": "NixOS",
        "ref": "nixpkgs-unstable",
        "repo": "nixpkgs",
        "type": "github"
      }
    },
    "nixpkgs_2": {
      "locked": {
        "lastModified": 1787022431,
        "narHash": "sha256-Kly49ipfBSEIKPFcKUUjlL6yzNAnFetwKAehc9P1h4I=",
        "owner": "NixOS",
        "repo": "nixpkgs",
        "rev": "f165e44f135784a494bca3d4ab4834c139f0b37d",
        "type": "github"
      },
      "original": {
        "owner": "NixOS",
        "ref": "nixpkgs-unstable",
        "repo": "nixpkgs",
        "type": "github"
      }
    },
    "pal-mcp-server": {
      "flake": false,
      "locked": {
        "lastModified": 1786182173,
        "narHash": "sha256-luHcXlltLWYXoG0TwHYSp7uWBL/oGoA/Mvv6d8L9rho=",
        "owner": "jwiegley",
        "repo": "pal-mcp-server",
        "rev": "592fe07ce66329c3b8bc9d39b986eee523528feb",
        "type": "github"
      },
      "original": {
        "owner": "jwiegley",
        "repo": "pal-mcp-server",
        "type": "github"
      }
    },
    "pi-btw": {
      "flake": false,
      "locked": {
        "lastModified": 1781038321,
        "narHash": "sha256-tXcZUh20xYUTn80cubpd9BjFPAcLQK7CrEKxTnsdQ2s=",
        "owner": "dbachelder",
        "repo": "pi-btw",
        "rev": "4f858102706910ee9d520a9666832f3103631b61",
        "type": "github"
      },
      "original": {
        "owner": "dbachelder",
        "repo": "pi-btw",
        "rev": "4f858102706910ee9d520a9666832f3103631b61",
        "type": "github"
      }
    },
    "pi-mcp-adapter": {
      "flake": false,
      "locked": {
        "lastModified": 1787064077,
        "narHash": "sha256-3TyHuiBg9svpHqN3QnSOqzCElwCmAEiIKJpEo7uYuIs=",
        "owner": "nicobailon",
        "repo": "pi-mcp-adapter",
        "rev": "48799faecd9c3c81c5843f0adf268152d483f973",
        "type": "github"
      },
      "original": {
        "owner": "nicobailon",
        "repo": "pi-mcp-adapter",
        "type": "github"
      }
    },
    "pi-openai-server-compaction": {
      "flake": false,
      "locked": {
        "lastModified": 1784826958,
        "narHash": "sha256-HFzG+GMriPhoMinjji+3sklQ7Nq0yRHCz/t9Re/TksU=",
        "owner": "algal",
        "repo": "pi-openai-server-compaction",
        "rev": "8a3de2f3b0c178fdd6f73f2f94172dfc3943e466",
        "type": "github"
      },
      "original": {
        "owner": "algal",
        "repo": "pi-openai-server-compaction",
        "type": "github"
      }
    },
    "pi-quiet": {
      "flake": false,
      "locked": {
        "lastModified": 1786948093,
        "narHash": "sha256-4f37gKCGvEt8015z28d0tUnd8oh5/0y8gjBO7mwV2GU=",
        "owner": "zenspc",
        "repo": "pi-extensions",
        "rev": "26ea4483c0b20ef8222fc4dfe8e6a402879e2ac0",
        "type": "github"
      },
      "original": {
        "owner": "zenspc",
        "repo": "pi-extensions",
        "type": "github"
      }
    },
    "ponytail": {
      "flake": false,
      "locked": {
        "lastModified": 1786139041,
        "narHash": "sha256-bGdXvzhWPwGdz3T2Yh2h6lf+3PBRFAfdBxP5pESmCHI=",
        "owner": "DietrichGebert",
        "repo": "ponytail",
        "rev": "2ed6c52c9d7e5e56942508591085fd45dea277d3",
        "type": "github"
      },
      "original": {
        "owner": "DietrichGebert",
        "repo": "ponytail",
        "type": "github"
      }
    },
    "root": {
      "inputs": {
        "agent-browser-source": "agent-browser-source",
        "git-ai": "git-ai",
        "llm-agents": "llm-agents",
        "mcp-servers-nix": "mcp-servers-nix",
        "nixpkgs": "nixpkgs_2",
        "pal-mcp-server": "pal-mcp-server",
        "pi-btw": "pi-btw",
        "pi-mcp-adapter": "pi-mcp-adapter",
        "pi-openai-server-compaction": "pi-openai-server-compaction",
        "pi-quiet": "pi-quiet",
        "ponytail": "ponytail",
        "rust-overlay": "rust-overlay",
        "translate-tool": "translate-tool"
      }
    },
    "rust-overlay": {
      "inputs": {
        "nixpkgs": [
          "nixpkgs"
        ]
      },
      "locked": {
        "lastModified": 1787022047,
        "narHash": "sha256-wNlYM/obKOkkRELrOfto1JT5CRANR6hB/RjOELp223U=",
        "owner": "oxalica",
        "repo": "rust-overlay",
        "rev": "b32685dd7c5a965aa8273adb7ddaf7f5b40d0faa",
        "type": "github"
      },
      "original": {
        "owner": "oxalica",
        "repo": "rust-overlay",
        "type": "github"
      }
    },
    "systems": {
      "locked": {
        "lastModified": 1681028828,
        "narHash": "sha256-Vy1rq5AaRuLzOxct8nz4T6wlgyUR7zLU309k9mBC768=",
        "owner": "nix-systems",
        "repo": "default",
        "rev": "da67096a3b9bf56a91d16901293e51ba5b49a27e",
        "type": "github"
      },
      "original": {
        "owner": "nix-systems",
        "repo": "default",
        "type": "github"
      }
    },
    "systems_2": {
      "locked": {
        "lastModified": 1681028828,
        "narHash": "sha256-Vy1rq5AaRuLzOxct8nz4T6wlgyUR7zLU309k9mBC768=",
        "owner": "nix-systems",
        "repo": "default",
        "rev": "da67096a3b9bf56a91d16901293e51ba5b49a27e",
        "type": "github"
      },
      "original": {
        "owner": "nix-systems",
        "repo": "default",
        "type": "github"
      }
    },
    "translate-tool": {
      "flake": false,
      "locked": {
        "lastModified": 1776110818,
        "narHash": "sha256-P27Hvn8p1+BN8z6g/aFk91BFtL9SMQiMNFYayKn5xyY=",
        "owner": "jwiegley",
        "repo": "translate-tool",
        "rev": "bffdb7ba3e5db603ea1390fee555354c1d45d642",
        "type": "github"
      },
      "original": {
        "owner": "jwiegley",
        "repo": "translate-tool",
        "type": "github"
      }
    },
    "treefmt-nix": {
      "inputs": {
        "nixpkgs": [
          "llm-agents",
          "nixpkgs"
        ]
      },
      "locked": {
        "lastModified": 1786901030,
        "narHash": "sha256-WSFCsDSE5ffgD2MqzkM2CYjeFiKhRF/dJUN8uedb6YE=",
        "owner": "numtide",
        "repo": "treefmt-nix",
        "rev": "27b3b12a8e6375f28ebe122f07d230ca5459bbfa",
        "type": "github"
      },
      "original": {
        "owner": "numtide",
        "repo": "treefmt-nix",
        "type": "github"
      }
    }
  },
  "root": "root",
  "version": 7
}
