{
  "nodes": {
    "agent-browser-source": {
      "flake": false,
      "locked": {
        "lastModified": 1788967502,
        "narHash": "sha256-j8KepeoKgJJFR6sDNTM8BGupqI9E2c3HRwvlw9tjq6k=",
        "owner": "vercel-labs",
        "repo": "agent-browser",
        "rev": "921a57b64da9d75bf0bd43d84199e15cbfa6583a",
        "type": "github"
      },
      "original": {
        "owner": "vercel-labs",
        "repo": "agent-browser",
        "type": "github"
      }
    },
    "bun2nix": {
      "inputs": {
        "flake-parts": [
          "llm-agents",
          "flake-parts"
        ],
        "nixpkgs": [
          "llm-agents",
          "nixpkgs"
        ],
        "systems": [
          "llm-agents",
          "systems"
        ],
        "treefmt-nix": [
          "llm-agents",
          "treefmt-nix"
        ]
      },
      "locked": {
        "lastModified": 1788011267,
        "narHash": "sha256-mEq2kU+ljompTToZ44Afvm7d/rHJ5iMBl0tjZuyShJs=",
        "owner": "Mic92",
        "repo": "bun2nix",
        "rev": "5765b0614591f75ee8ba5596e81ae85c167d1071",
        "type": "github"
      },
      "original": {
        "owner": "Mic92",
        "ref": "fix-structured-attrs-hook",
        "repo": "bun2nix",
        "type": "github"
      }
    },
    "flake-parts": {
      "inputs": {
        "nixpkgs-lib": [
          "llm-agents",
          "nixpkgs"
        ]
      },
      "locked": {
        "lastModified": 1788450739,
        "narHash": "sha256-glZLQlzIn1fXH6PazR2iUmTo7kzzyYSshrWhLS9TqCU=",
        "owner": "hercules-ci",
        "repo": "flake-parts",
        "rev": "31729ca8cbdb4fa927b34e5f4353e6a83f39e993",
        "type": "github"
      },
      "original": {
        "owner": "hercules-ci",
        "repo": "flake-parts",
        "type": "github"
      }
    },
    "flake-utils": {
      "inputs": {
        "systems": "systems"
      },
      "locked": {
        "lastModified": 1731533236,
        "narHash": "sha256-l0KFg5HjrsfsO/JpG+r7fRrqm12kzFHyUHqHCVpMMbI=",
        "owner": "numtide",
        "repo": "flake-utils",
        "rev": "11707dc2f618dd54ca8739b309ec4fc024de578b",
        "type": "github"
      },
      "original": {
        "owner": "numtide",
        "repo": "flake-utils",
        "type": "github"
      }
    },
    "git-ai": {
      "inputs": {
        "flake-utils": "flake-utils",
        "nixpkgs": [
          "nixpkgs"
        ],
        "rust-overlay": [
          "rust-overlay"
        ]
      },
      "locked": {
        "lastModified": 1788895659,
        "narHash": "sha256-cijDQtZXo3FVoYcvU8J+Iz/FtbKSYO6XKMTzsCyfZxA=",
        "owner": "git-ai-project",
        "repo": "git-ai",
        "rev": "bbf62f65d4c0cdfb2cfc156cbf36596a57f54073",
        "type": "github"
      },
      "original": {
        "owner": "git-ai-project",
        "repo": "git-ai",
        "type": "github"
      }
    },
    "llm-agents": {
      "inputs": {
        "bun2nix": "bun2nix",
        "flake-parts": "flake-parts",
        "nixpkgs": "nixpkgs",
        "systems": "systems_2",
        "treefmt-nix": "treefmt-nix"
      },
      "locked": {
        "lastModified": 1788948595,
        "narHash": "sha256-rqeK3hPxa6960ivXTRb+wO74tKKecqeH2CiKIxxFJuU=",
        "owner": "numtide",
        "repo": "llm-agents.nix",
        "rev": "26c3794de36bba9afdb0cb269fa4ab390e09f9ca",
        "type": "github"
      },
      "original": {
        "owner": "numtide",
        "repo": "llm-agents.nix",
        "type": "github"
      }
    },
    "mcp-servers-nix": {
      "inputs": {
        "nixpkgs": [
          "nixpkgs"
        ]
      },
      "locked": {
        "lastModified": 1788968403,
        "narHash": "sha256-oD80hRB5gWv2XfrUFSqosQG3m660ziZkLkSBxNhMaLg=",
        "owner": "natsukium",
        "repo": "mcp-servers-nix",
        "rev": "73f4ce60db4bf1e9c4478065d04529973dbe9a4c",
        "type": "github"
      },
      "original": {
        "owner": "natsukium",
        "repo": "mcp-servers-nix",
        "type": "github"
      }
    },
    "nixpkgs": {
      "locked": {
        "lastModified": 1788894124,
        "narHash": "sha256-guyexwrrF5GBKqjO0eg9LNIvrXn4j2frNak63sDr8zg=",
        "owner": "NixOS",
        "repo": "nixpkgs",
        "rev": "da39501c8d0a093136854eddcd6927c8a8bb0d8f",
        "type": "github"
      },
      "original": {
        "owner": "NixOS",
        "ref": "nixpkgs-unstable",
        "repo": "nixpkgs",
        "type": "github"
      }
    },
    "nixpkgs_2": {
      "locked": {
        "lastModified": 1788922888,
        "narHash": "sha256-QMX3uerxnW2R5dHcWpIQILHDltOZnon3x3Spq7EzBFI=",
        "owner": "NixOS",
        "repo": "nixpkgs",
        "rev": "a391f95d4557d685fd8e5dc0d4b1f9271aa2f342",
        "type": "github"
      },
      "original": {
        "owner": "NixOS",
        "ref": "nixpkgs-unstable",
        "repo": "nixpkgs",
        "type": "github"
      }
    },
    "npm-cache-nixpkgs": {
      "flake": false,
      "locked": {
        "lastModified": 1787364730,
        "narHash": "sha256-NcYt9QJfpJiF1lAyN8BDPB4EeScbPU+EwQqPiBElrpU=",
        "owner": "NixOS",
        "repo": "nixpkgs",
        "rev": "a831408e6378bc02ebf8cc09b52c96ca86f6bab4",
        "type": "github"
      },
      "original": {
        "owner": "NixOS",
        "repo": "nixpkgs",
        "rev": "a831408e6378bc02ebf8cc09b52c96ca86f6bab4",
        "type": "github"
      }
    },
    "pal-mcp-server": {
      "flake": false,
      "locked": {
        "lastModified": 1788031545,
        "narHash": "sha256-So7ReXUSqypyQO5wt4kaAEnvMI+cnwY4hvb1qDxb4tw=",
        "owner": "jwiegley",
        "repo": "pal-mcp-server",
        "rev": "88ea0b416ee79ed54867a327aedfddb7a7d9ea42",
        "type": "github"
      },
      "original": {
        "owner": "jwiegley",
        "repo": "pal-mcp-server",
        "type": "github"
      }
    },
    "pi": {
      "flake": false,
      "locked": {
        "lastModified": 1788850829,
        "narHash": "sha256-e8+/0IuO/MJmxvcO5wyLVQZlzNLqxrYrPNeKMEx9RiU=",
        "owner": "jwiegley",
        "repo": "pi",
        "rev": "319f54443c9104a123e6f22547a69a1c6f9188e8",
        "type": "github"
      },
      "original": {
        "owner": "jwiegley",
        "repo": "pi",
        "type": "github"
      }
    },
    "pi-btw": {
      "flake": false,
      "locked": {
        "lastModified": 1781038321,
        "narHash": "sha256-tXcZUh20xYUTn80cubpd9BjFPAcLQK7CrEKxTnsdQ2s=",
        "owner": "dbachelder",
        "repo": "pi-btw",
        "rev": "4f858102706910ee9d520a9666832f3103631b61",
        "type": "github"
      },
      "original": {
        "owner": "dbachelder",
        "repo": "pi-btw",
        "rev": "4f858102706910ee9d520a9666832f3103631b61",
        "type": "github"
      }
    },
    "pi-mcp-adapter": {
      "flake": false,
      "locked": {
        "lastModified": 1788635559,
        "narHash": "sha256-Z+Nc7aQJFnZKYAe6yQN0CFwYuekNahAcFRg+dDBpRVU=",
        "owner": "nicobailon",
        "repo": "pi-mcp-adapter",
        "rev": "8243eba3421e301c88c047444f34ab7d5d57163e",
        "type": "github"
      },
      "original": {
        "owner": "nicobailon",
        "repo": "pi-mcp-adapter",
        "type": "github"
      }
    },
    "pi-openai-server-compaction": {
      "flake": false,
      "locked": {
        "lastModified": 1784826958,
        "narHash": "sha256-HFzG+GMriPhoMinjji+3sklQ7Nq0yRHCz/t9Re/TksU=",
        "owner": "algal",
        "repo": "pi-openai-server-compaction",
        "rev": "8a3de2f3b0c178fdd6f73f2f94172dfc3943e466",
        "type": "github"
      },
      "original": {
        "owner": "algal",
        "repo": "pi-openai-server-compaction",
        "type": "github"
      }
    },
    "pi-quiet": {
      "flake": false,
      "locked": {
        "lastModified": 1788965728,
        "narHash": "sha256-lD6ajZ0TY0kNK68uXoiqtsR0mTiz28hkJV1HXet/hc4=",
        "owner": "zenspc",
        "repo": "pi-extensions",
        "rev": "10eb5399458a3946d287edba8d6cbfcf16952658",
        "type": "github"
      },
      "original": {
        "owner": "zenspc",
        "repo": "pi-extensions",
        "type": "github"
      }
    },
    "ponytail": {
      "flake": false,
      "locked": {
        "lastModified": 1788798420,
        "narHash": "sha256-LPNMyHsri3+eeDmphEAKL1JgoRE4dLIPfZ4XZ+xu5UY=",
        "owner": "DietrichGebert",
        "repo": "ponytail",
        "rev": "356918eba965ee1eac64bd3a7f0dd02108350de5",
        "type": "github"
      },
      "original": {
        "owner": "DietrichGebert",
        "repo": "ponytail",
        "type": "github"
      }
    },
    "root": {
      "inputs": {
        "agent-browser-source": "agent-browser-source",
        "git-ai": "git-ai",
        "llm-agents": "llm-agents",
        "mcp-servers-nix": "mcp-servers-nix",
        "nixpkgs": "nixpkgs_2",
        "npm-cache-nixpkgs": "npm-cache-nixpkgs",
        "pal-mcp-server": "pal-mcp-server",
        "pi": "pi",
        "pi-btw": "pi-btw",
        "pi-mcp-adapter": "pi-mcp-adapter",
        "pi-openai-server-compaction": "pi-openai-server-compaction",
        "pi-quiet": "pi-quiet",
        "ponytail": "ponytail",
        "rust-overlay": "rust-overlay",
        "translate-tool": "translate-tool"
      }
    },
    "rust-overlay": {
      "inputs": {
        "nixpkgs": [
          "nixpkgs"
        ]
      },
      "locked": {
        "lastModified": 1788938153,
        "narHash": "sha256-czAKV0qN7TtdlGIREdDAJmoATGH0lfF7wNO8OMVToCw=",
        "owner": "oxalica",
        "repo": "rust-overlay",
        "rev": "5280ed136f4359ce3f977b0c4c4dab6a34254201",
        "type": "github"
      },
      "original": {
        "owner": "oxalica",
        "repo": "rust-overlay",
        "type": "github"
      }
    },
    "systems": {
      "locked": {
        "lastModified": 1681028828,
        "narHash": "sha256-Vy1rq5AaRuLzOxct8nz4T6wlgyUR7zLU309k9mBC768=",
        "owner": "nix-systems",
        "repo": "default",
        "rev": "da67096a3b9bf56a91d16901293e51ba5b49a27e",
        "type": "github"
      },
      "original": {
        "owner": "nix-systems",
        "repo": "default",
        "type": "github"
      }
    },
    "systems_2": {
      "locked": {
        "lastModified": 1681028828,
        "narHash": "sha256-Vy1rq5AaRuLzOxct8nz4T6wlgyUR7zLU309k9mBC768=",
        "owner": "nix-systems",
        "repo": "default",
        "rev": "da67096a3b9bf56a91d16901293e51ba5b49a27e",
        "type": "github"
      },
      "original": {
        "owner": "nix-systems",
        "repo": "default",
        "type": "github"
      }
    },
    "translate-tool": {
      "flake": false,
      "locked": {
        "lastModified": 1776110818,
        "narHash": "sha256-P27Hvn8p1+BN8z6g/aFk91BFtL9SMQiMNFYayKn5xyY=",
        "owner": "jwiegley",
        "repo": "translate-tool",
        "rev": "bffdb7ba3e5db603ea1390fee555354c1d45d642",
        "type": "github"
      },
      "original": {
        "owner": "jwiegley",
        "repo": "translate-tool",
        "type": "github"
      }
    },
    "treefmt-nix": {
      "inputs": {
        "nixpkgs": [
          "llm-agents",
          "nixpkgs"
        ]
      },
      "locked": {
        "lastModified": 1786901030,
        "narHash": "sha256-WSFCsDSE5ffgD2MqzkM2CYjeFiKhRF/dJUN8uedb6YE=",
        "owner": "numtide",
        "repo": "treefmt-nix",
        "rev": "27b3b12a8e6375f28ebe122f07d230ca5459bbfa",
        "type": "github"
      },
      "original": {
        "owner": "numtide",
        "repo": "treefmt-nix",
        "type": "github"
      }
    }
  },
  "root": "root",
  "version": 7
}
